// !$*UTF8*$!
{
	archiveVersion = 1;
	classes = {
	};
	objectVersion = 56;
	objects = {

/* Begin PBXBuildFile section */
		983E631829B9CEA400B00016 /* MyComposablePackage in Frameworks */ = {isa = PBXBuildFile; productRef = 983E631729B9CEA400B00016 /* MyComposablePackage */; };
		983E631B29B9D07B00B00016 /* ComposableArchitecture in Frameworks */ = {isa = PBXBuildFile; productRef = 983E631A29B9D07B00B00016 /* ComposableArchitecture */; };
		983E631E29B9D37F00B00016 /* FirstTabView.swift in Sources */ = {isa = PBXBuildFile; fileRef = 983E631D29B9D37F00B00016 /* FirstTabView.swift */; };
		983E632029B9D3AF00B00016 /* InventoryTabView.swift in Sources */ = {isa = PBXBuildFile; fileRef = 983E631F29B9D3AF00B00016 /* InventoryTabView.swift */; };
		983E632229B9D3C200B00016 /* ThirdTabView.swift in Sources */ = {isa = PBXBuildFile; fileRef = 983E632129B9D3C200B00016 /* ThirdTabView.swift */; };
		983E632429B9E24F00B00016 /* Vanilla.swift in Sources */ = {isa = PBXBuildFile; fileRef = 983E632329B9E24F00B00016 /* Vanilla.swift */; };
		983E632629B9E4E300B00016 /* VanillaTests.swift in Sources */ = {isa = PBXBuildFile; fileRef = 983E632529B9E4E300B00016 /* VanillaTests.swift */; };
		983E633029BAFF0300B00016 /* Models.swift in Sources */ = {isa = PBXBuildFile; fileRef = 983E632F29BAFF0300B00016 /* Models.swift */; };
		983E633229BB082500B00016 /* Navigation.swift in Sources */ = {isa = PBXBuildFile; fileRef = 983E633129BB082500B00016 /* Navigation.swift */; };
		983E633529BB0B7A00B00016 /* SwiftUINavigation in Frameworks */ = {isa = PBXBuildFile; productRef = 983E633429BB0B7A00B00016 /* SwiftUINavigation */; };
		986578DB29B5E92300BB1BDA /* SwiftUI_ComposableApp.swift in Sources */ = {isa = PBXBuildFile; fileRef = 986578DA29B5E92300BB1BDA /* SwiftUI_ComposableApp.swift */; };
		986578DD29B5E92300BB1BDA /* ContentView.swift in Sources */ = {isa = PBXBuildFile; fileRef = 986578DC29B5E92300BB1BDA /* ContentView.swift */; };
		986578DF29B5E92500BB1BDA /* Assets.xcassets in Resources */ = {isa = PBXBuildFile; fileRef = 986578DE29B5E92500BB1BDA /* Assets.xcassets */; };
		986578E229B5E92500BB1BDA /* Preview Assets.xcassets in Resources */ = {isa = PBXBuildFile; fileRef = 986578E129B5E92500BB1BDA /* Preview Assets.xcassets */; };
		986578EC29B5E92500BB1BDA /* SwiftUI_ComposableTests.swift in Sources */ = {isa = PBXBuildFile; fileRef = 986578EB29B5E92500BB1BDA /* SwiftUI_ComposableTests.swift */; };
		986578F629B5E92500BB1BDA /* SwiftUI_ComposableUITests.swift in Sources */ = {isa = PBXBuildFile; fileRef = 986578F529B5E92500BB1BDA /* SwiftUI_ComposableUITests.swift */; };
		986578F829B5E92500BB1BDA /* SwiftUI_ComposableUITestsLaunchTests.swift in Sources */ = {isa = PBXBuildFile; fileRef = 986578F729B5E92500BB1BDA /* SwiftUI_ComposableUITestsLaunchTests.swift */; };
/* End PBXBuildFile section */

/* Begin PBXContainerItemProxy section */
		986578E829B5E92500BB1BDA /* PBXContainerItemProxy */ = {
			isa = PBXContainerItemProxy;
			containerPortal = 986578CF29B5E92300BB1BDA /* Project object */;
			proxyType = 1;
			remoteGlobalIDString = 986578D629B5E92300BB1BDA;
			remoteInfo = "SwiftUI-Composable";
		};
		986578F229B5E92500BB1BDA /* PBXContainerItemProxy */ = {
			isa = PBXContainerItemProxy;
			containerPortal = 986578CF29B5E92300BB1BDA /* Project object */;
			proxyType = 1;
			remoteGlobalIDString = 986578D629B5E92300BB1BDA;
			remoteInfo = "SwiftUI-Composable";
		};
/* End PBXContainerItemProxy section */

/* Begin PBXFileReference section */
		983E631529B9CD6200B00016 /* MyComposablePackage */ = {isa = PBXFileReference; lastKnownFileType = wrapper; path = MyComposablePackage; sourceTree = "<group>"; };
		983E631D29B9D37F00B00016 /* FirstTabView.swift */ = {isa = PBXFileReference; lastKnownFileType = sourcecode.swift; path = FirstTabView.swift; sourceTree = "<group>"; };
		983E631F29B9D3AF00B00016 /* InventoryTabView.swift */ = {isa = PBXFileReference; lastKnownFileType = sourcecode.swift; path = InventoryTabView.swift; sourceTree = "<group>"; };
		983E632129B9D3C200B00016 /* ThirdTabView.swift */ = {isa = PBXFileReference; lastKnownFileType = sourcecode.swift; path = ThirdTabView.swift; sourceTree = "<group>"; };
		983E632329B9E24F00B00016 /* Vanilla.swift */ = {isa = PBXFileReference; lastKnownFileType = sourcecode.swift; path = Vanilla.swift; sourceTree = "<group>"; };
		983E632529B9E4E300B00016 /* VanillaTests.swift */ = {isa = PBXFileReference; lastKnownFileType = sourcecode.swift; path = VanillaTests.swift; sourceTree = "<group>"; };
		983E632F29BAFF0300B00016 /* Models.swift */ = {isa = PBXFileReference; lastKnownFileType = sourcecode.swift; path = Models.swift; sourceTree = "<group>"; };
		983E633129BB082500B00016 /* Navigation.swift */ = {isa = PBXFileReference; lastKnownFileType = sourcecode.swift; path = Navigation.swift; sourceTree = "<group>"; };
		986578D729B5E92300BB1BDA /* SwiftUI-Composable.app */ = {isa = PBXFileReference; explicitFileType = wrapper.application; includeInIndex = 0; path = "SwiftUI-Composable.app"; sourceTree = BUILT_PRODUCTS_DIR; };
		986578DA29B5E92300BB1BDA /* SwiftUI_ComposableApp.swift */ = {isa = PBXFileReference; lastKnownFileType = sourcecode.swift; path = SwiftUI_ComposableApp.swift; sourceTree = "<group>"; };
		986578DC29B5E92300BB1BDA /* ContentView.swift */ = {isa = PBXFileReference; lastKnownFileType = sourcecode.swift; path = ContentView.swift; sourceTree = "<group>"; };
		986578DE29B5E92500BB1BDA /* Assets.xcassets */ = {isa = PBXFileReference; lastKnownFileType = folder.assetcatalog; path = Assets.xcassets; sourceTree = "<group>"; };
		986578E129B5E92500BB1BDA /* Preview Assets.xcassets */ = {isa = PBXFileReference; lastKnownFileType = folder.assetcatalog; path = "Preview Assets.xcassets"; sourceTree = "<group>"; };
		986578E729B5E92500BB1BDA /* SwiftUI-ComposableTests.xctest */ = {isa = PBXFileReference; explicitFileType = wrapper.cfbundle; includeInIndex = 0; path = "SwiftUI-ComposableTests.xctest"; sourceTree = BUILT_PRODUCTS_DIR; };
		986578EB29B5E92500BB1BDA /* SwiftUI_ComposableTests.swift */ = {isa = PBXFileReference; lastKnownFileType = sourcecode.swift; path = SwiftUI_ComposableTests.swift; sourceTree = "<group>"; };
		986578F129B5E92500BB1BDA /* SwiftUI-ComposableUITests.xctest */ = {isa = PBXFileReference; explicitFileType = wrapper.cfbundle; includeInIndex = 0; path = "SwiftUI-ComposableUITests.xctest"; sourceTree = BUILT_PRODUCTS_DIR; };
		986578F529B5E92500BB1BDA /* SwiftUI_ComposableUITests.swift */ = {isa = PBXFileReference; lastKnownFileType = sourcecode.swift; path = SwiftUI_ComposableUITests.swift; sourceTree = "<group>"; };
		986578F729B5E92500BB1BDA /* SwiftUI_ComposableUITestsLaunchTests.swift */ = {isa = PBXFileReference; lastKnownFileType = sourcecode.swift; path = SwiftUI_ComposableUITestsLaunchTests.swift; sourceTree = "<group>"; };
/* End PBXFileReference section */

/* Begin PBXFrameworksBuildPhase section */
		986578D429B5E92300BB1BDA /* Frameworks */ = {
			isa = PBXFrameworksBuildPhase;
			buildActionMask = 2147483647;
			files = (
				983E631B29B9D07B00B00016 /* ComposableArchitecture in Frameworks */,
				983E631829B9CEA400B00016 /* MyComposablePackage in Frameworks */,
				983E633529BB0B7A00B00016 /* SwiftUINavigation in Frameworks */,
			);
			runOnlyForDeploymentPostprocessing = 0;
		};
		986578E429B5E92500BB1BDA /* Frameworks */ = {
			isa = PBXFrameworksBuildPhase;
			buildActionMask = 2147483647;
			files = (
			);
			runOnlyForDeploymentPostprocessing = 0;
		};
		986578EE29B5E92500BB1BDA /* Frameworks */ = {
			isa = PBXFrameworksBuildPhase;
			buildActionMask = 2147483647;
			files = (
			);
			runOnlyForDeploymentPostprocessing = 0;
		};
/* End PBXFrameworksBuildPhase section */

/* Begin PBXGroup section */
		983E631629B9CEA400B00016 /* Frameworks */ = {
			isa = PBXGroup;
			children = (
			);
			name = Frameworks;
			sourceTree = "<group>";
		};
		983E631C29B9D37100B00016 /* TabView */ = {
			isa = PBXGroup;
			children = (
				983E631D29B9D37F00B00016 /* FirstTabView.swift */,
				983E631F29B9D3AF00B00016 /* InventoryTabView.swift */,
				983E632129B9D3C200B00016 /* ThirdTabView.swift */,
				983E632329B9E24F00B00016 /* Vanilla.swift */,
			);
			path = TabView;
			sourceTree = "<group>";
		};
		986578CE29B5E92300BB1BDA = {
			isa = PBXGroup;
			children = (
				983E631529B9CD6200B00016 /* MyComposablePackage */,
				986578D929B5E92300BB1BDA /* SwiftUI-Composable */,
				986578EA29B5E92500BB1BDA /* SwiftUI-ComposableTests */,
				986578F429B5E92500BB1BDA /* SwiftUI-ComposableUITests */,
				986578D829B5E92300BB1BDA /* Products */,
				983E631629B9CEA400B00016 /* Frameworks */,
			);
			sourceTree = "<group>";
		};
		986578D829B5E92300BB1BDA /* Products */ = {
			isa = PBXGroup;
			children = (
				986578D729B5E92300BB1BDA /* SwiftUI-Composable.app */,
				986578E729B5E92500BB1BDA /* SwiftUI-ComposableTests.xctest */,
				986578F129B5E92500BB1BDA /* SwiftUI-ComposableUITests.xctest */,
			);
			name = Products;
			sourceTree = "<group>";
		};
		986578D929B5E92300BB1BDA /* SwiftUI-Composable */ = {
			isa = PBXGroup;
			children = (
				983E633129BB082500B00016 /* Navigation.swift */,
				986578DA29B5E92300BB1BDA /* SwiftUI_ComposableApp.swift */,
				986578DC29B5E92300BB1BDA /* ContentView.swift */,
				983E632F29BAFF0300B00016 /* Models.swift */,
				983E631C29B9D37100B00016 /* TabView */,
				986578DE29B5E92500BB1BDA /* Assets.xcassets */,
				986578E029B5E92500BB1BDA /* Preview Content */,
			);
			path = "SwiftUI-Composable";
			sourceTree = "<group>";
		};
		986578E029B5E92500BB1BDA /* Preview Content */ = {
			isa = PBXGroup;
			children = (
				986578E129B5E92500BB1BDA /* Preview Assets.xcassets */,
			);
			path = "Preview Content";
			sourceTree = "<group>";
		};
		986578EA29B5E92500BB1BDA /* SwiftUI-ComposableTests */ = {
			isa = PBXGroup;
			children = (
				986578EB29B5E92500BB1BDA /* SwiftUI_ComposableTests.swift */,
				983E632529B9E4E300B00016 /* VanillaTests.swift */,
			);
			path = "SwiftUI-ComposableTests";
			sourceTree = "<group>";
		};
		986578F429B5E92500BB1BDA /* SwiftUI-ComposableUITests */ = {
			isa = PBXGroup;
			children = (
				986578F529B5E92500BB1BDA /* SwiftUI_ComposableUITests.swift */,
				986578F729B5E92500BB1BDA /* SwiftUI_ComposableUITestsLaunchTests.swift */,
			);
			path = "SwiftUI-ComposableUITests";
			sourceTree = "<group>";
		};
/* End PBXGroup section */

/* Begin PBXNativeTarget section */
		986578D629B5E92300BB1BDA /* SwiftUI-Composable */ = {
			isa = PBXNativeTarget;
			buildConfigurationList = 986578FB29B5E92500BB1BDA /* Build configuration list for PBXNativeTarget "SwiftUI-Composable" */;
			buildPhases = (
				986578D329B5E92300BB1BDA /* Sources */,
				986578D429B5E92300BB1BDA /* Frameworks */,
				986578D529B5E92300BB1BDA /* Resources */,
			);
			buildRules = (
			);
			dependencies = (
			);
			name = "SwiftUI-Composable";
			packageProductDependencies = (
				983E631729B9CEA400B00016 /* MyComposablePackage */,
				983E631A29B9D07B00B00016 /* ComposableArchitecture */,
				983E633429BB0B7A00B00016 /* SwiftUINavigation */,
			);
			productName = "SwiftUI-Composable";
			productReference = 986578D729B5E92300BB1BDA /* SwiftUI-Composable.app */;
			productType = "com.apple.product-type.application";
		};
		986578E629B5E92500BB1BDA /* SwiftUI-ComposableTests */ = {
			isa = PBXNativeTarget;
			buildConfigurationList = 986578FE29B5E92500BB1BDA /* Build configuration list for PBXNativeTarget "SwiftUI-ComposableTests" */;
			buildPhases = (
				986578E329B5E92500BB1BDA /* Sources */,
				986578E429B5E92500BB1BDA /* Frameworks */,
				986578E529B5E92500BB1BDA /* Resources */,
			);
			buildRules = (
			);
			dependencies = (
				986578E929B5E92500BB1BDA /* PBXTargetDependency */,
			);
			name = "SwiftUI-ComposableTests";
			productName = "SwiftUI-ComposableTests";
			productReference = 986578E729B5E92500BB1BDA /* SwiftUI-ComposableTests.xctest */;
			productType = "com.apple.product-type.bundle.unit-test";
		};
		986578F029B5E92500BB1BDA /* SwiftUI-ComposableUITests */ = {
			isa = PBXNativeTarget;
			buildConfigurationList = 9865790129B5E92500BB1BDA /* Build configuration list for PBXNativeTarget "SwiftUI-ComposableUITests" */;
			buildPhases = (
				986578ED29B5E92500BB1BDA /* Sources */,
				986578EE29B5E92500BB1BDA /* Frameworks */,
				986578EF29B5E92500BB1BDA /* Resources */,
			);
			buildRules = (
			);
			dependencies = (
				986578F329B5E92500BB1BDA /* PBXTargetDependency */,
			);
			name = "SwiftUI-ComposableUITests";
			productName = "SwiftUI-ComposableUITests";
			productReference = 986578F129B5E92500BB1BDA /* SwiftUI-ComposableUITests.xctest */;
			productType = "com.apple.product-type.bundle.ui-testing";
		};
/* End PBXNativeTarget section */

/* Begin PBXProject section */
		986578CF29B5E92300BB1BDA /* Project object */ = {
			isa = PBXProject;
			attributes = {
				BuildIndependentTargetsInParallel = 1;
				LastSwiftUpdateCheck = 1420;
				LastUpgradeCheck = 1420;
				TargetAttributes = {
					986578D629B5E92300BB1BDA = {
						CreatedOnToolsVersion = 14.2;
					};
					986578E629B5E92500BB1BDA = {
						CreatedOnToolsVersion = 14.2;
						TestTargetID = 986578D629B5E92300BB1BDA;
					};
					986578F029B5E92500BB1BDA = {
						CreatedOnToolsVersion = 14.2;
						TestTargetID = 986578D629B5E92300BB1BDA;
					};
				};
			};
			buildConfigurationList = 986578D229B5E92300BB1BDA /* Build configuration list for PBXProject "SwiftUI-Composable" */;
			compatibilityVersion = "Xcode 14.0";
			developmentRegion = en;
			hasScannedForEncodings = 0;
			knownRegions = (
				en,
				Base,
			);
			mainGroup = 986578CE29B5E92300BB1BDA;
			packageReferences = (
				983E631929B9D07B00B00016 /* XCRemoteSwiftPackageReference "swift-composable-architecture" */,
				983E633329BB0B7A00B00016 /* XCRemoteSwiftPackageReference "swiftui-navigation" */,
			);
			productRefGroup = 986578D829B5E92300BB1BDA /* Products */;
			projectDirPath = "";
			projectRoot = "";
			targets = (
				986578D629B5E92300BB1BDA /* SwiftUI-Composable */,
				986578E629B5E92500BB1BDA /* SwiftUI-ComposableTests */,
				986578F029B5E92500BB1BDA /* SwiftUI-ComposableUITests */,
			);
		};
/* End PBXProject section */

/* Begin PBXResourcesBuildPhase section */
		986578D529B5E92300BB1BDA /* Resources */ = {
			isa = PBXResourcesBuildPhase;
			buildActionMask = 2147483647;
			files = (
				986578E229B5E92500BB1BDA /* Preview Assets.xcassets in Resources */,
				986578DF29B5E92500BB1BDA /* Assets.xcassets in Resources */,
			);
			runOnlyForDeploymentPostprocessing = 0;
		};
		986578E529B5E92500BB1BDA /* Resources */ = {
			isa = PBXResourcesBuildPhase;
			buildActionMask = 2147483647;
			files = (
			);
			runOnlyForDeploymentPostprocessing = 0;
		};
		986578EF29B5E92500BB1BDA /* Resources */ = {
			isa = PBXResourcesBuildPhase;
			buildActionMask = 2147483647;
			files = (
			);
			runOnlyForDeploymentPostprocessing = 0;
		};
/* End PBXResourcesBuildPhase section */

/* Begin PBXSourcesBuildPhase section */
		986578D329B5E92300BB1BDA /* Sources */ = {
			isa = PBXSourcesBuildPhase;
			buildActionMask = 2147483647;
			files = (
				986578DD29B5E92300BB1BDA /* ContentView.swift in Sources */,
				983E632229B9D3C200B00016 /* ThirdTabView.swift in Sources */,
				983E632029B9D3AF00B00016 /* InventoryTabView.swift in Sources */,
				983E633229BB082500B00016 /* Navigation.swift in Sources */,
				983E631E29B9D37F00B00016 /* FirstTabView.swift in Sources */,
				986578DB29B5E92300BB1BDA /* SwiftUI_ComposableApp.swift in Sources */,
				983E632429B9E24F00B00016 /* Vanilla.swift in Sources */,
				983E633029BAFF0300B00016 /* Models.swift in Sources */,
			);
			runOnlyForDeploymentPostprocessing = 0;
		};
		986578E329B5E92500BB1BDA /* Sources */ = {
			isa = PBXSourcesBuildPhase;
			buildActionMask = 2147483647;
			files = (
				986578EC29B5E92500BB1BDA /* SwiftUI_ComposableTests.swift in Sources */,
				983E632629B9E4E300B00016 /* VanillaTests.swift in Sources */,
			);
			runOnlyForDeploymentPostprocessing = 0;
		};
		986578ED29B5E92500BB1BDA /* Sources */ = {
			isa = PBXSourcesBuildPhase;
			buildActionMask = 2147483647;
			files = (
				986578F629B5E92500BB1BDA /* SwiftUI_ComposableUITests.swift in Sources */,
				986578F829B5E92500BB1BDA /* SwiftUI_ComposableUITestsLaunchTests.swift in Sources */,
			);
			runOnlyForDeploymentPostprocessing = 0;
		};
/* End PBXSourcesBuildPhase section */

/* Begin PBXTargetDependency section */
		986578E929B5E92500BB1BDA /* PBXTargetDependency */ = {
			isa = PBXTargetDependency;
			target = 986578D629B5E92300BB1BDA /* SwiftUI-Composable */;
			targetProxy = 986578E829B5E92500BB1BDA /* PBXContainerItemProxy */;
		};
		986578F329B5E92500BB1BDA /* PBXTargetDependency */ = {
			isa = PBXTargetDependency;
			target = 986578D629B5E92300BB1BDA /* SwiftUI-Composable */;
			targetProxy = 986578F229B5E92500BB1BDA /* PBXContainerItemProxy */;
		};
/* End PBXTargetDependency section */

/* Begin XCBuildConfiguration section */
		986578F929B5E92500BB1BDA /* Debug */ = {
			isa = XCBuildConfiguration;
			buildSettings = {
				ALWAYS_SEARCH_USER_PATHS = NO;
				CLANG_ANALYZER_NONNULL = YES;
				CLANG_ANALYZER_NUMBER_OBJECT_CONVERSION = YES_AGGRESSIVE;
				CLANG_CXX_LANGUAGE_STANDARD = "gnu++20";
				CLANG_ENABLE_MODULES = YES;
				CLANG_ENABLE_OBJC_ARC = YES;
				CLANG_ENABLE_OBJC_WEAK = YES;
				CLANG_WARN_BLOCK_CAPTURE_AUTORELEASING = YES;
				CLANG_WARN_BOOL_CONVERSION = YES;
				CLANG_WARN_COMMA = YES;
				CLANG_WARN_CONSTANT_CONVERSION = YES;
				CLANG_WARN_DEPRECATED_OBJC_IMPLEMENTATIONS = YES;
				CLANG_WARN_DIRECT_OBJC_ISA_USAGE = YES_ERROR;
				CLANG_WARN_DOCUMENTATION_COMMENTS = YES;
				CLANG_WARN_EMPTY_BODY = YES;
				CLANG_WARN_ENUM_CONVERSION = YES;
				CLANG_WARN_INFINITE_RECURSION = YES;
				CLANG_WARN_INT_CONVERSION = YES;
				CLANG_WARN_NON_LITERAL_NULL_CONVERSION = YES;
				CLANG_WARN_OBJC_IMPLICIT_RETAIN_SELF = YES;
				CLANG_WARN_OBJC_LITERAL_CONVERSION = YES;
				CLANG_WARN_OBJC_ROOT_CLASS = YES_ERROR;
				CLANG_WARN_QUOTED_INCLUDE_IN_FRAMEWORK_HEADER = YES;
				CLANG_WARN_RANGE_LOOP_ANALYSIS = YES;
				CLANG_WARN_STRICT_PROTOTYPES = YES;
				CLANG_WARN_SUSPICIOUS_MOVE = YES;
				CLANG_WARN_UNGUARDED_AVAILABILITY = YES_AGGRESSIVE;
				CLANG_WARN_UNREACHABLE_CODE = YES;
				CLANG_WARN__DUPLICATE_METHOD_MATCH = YES;
				COPY_PHASE_STRIP = NO;
				DEBUG_INFORMATION_FORMAT = dwarf;
				ENABLE_STRICT_OBJC_MSGSEND = YES;
				ENABLE_TESTABILITY = YES;
				GCC_C_LANGUAGE_STANDARD = gnu11;
				GCC_DYNAMIC_NO_PIC = NO;
				GCC_NO_COMMON_BLOCKS = YES;
				GCC_OPTIMIZATION_LEVEL = 0;
				GCC_PREPROCESSOR_DEFINITIONS = (
					"DEBUG=1",
					"$(inherited)",
				);
				GCC_WARN_64_TO_32_BIT_CONVERSION = YES;
				GCC_WARN_ABOUT_RETURN_TYPE = YES_ERROR;
				GCC_WARN_UNDECLARED_SELECTOR = YES;
				GCC_WARN_UNINITIALIZED_AUTOS = YES_AGGRESSIVE;
				GCC_WARN_UNUSED_FUNCTION = YES;
				GCC_WARN_UNUSED_VARIABLE = YES;
				IPHONEOS_DEPLOYMENT_TARGET = 16.2;
				MTL_ENABLE_DEBUG_INFO = INCLUDE_SOURCE;
				MTL_FAST_MATH = YES;
				ONLY_ACTIVE_ARCH = YES;
				SDKROOT = iphoneos;
				SWIFT_ACTIVE_COMPILATION_CONDITIONS = DEBUG;
				SWIFT_OPTIMIZATION_LEVEL = "-Onone";
			};
			name = Debug;
		};
		986578FA29B5E92500BB1BDA /* Release */ = {
			isa = XCBuildConfiguration;
			buildSettings = {
				ALWAYS_SEARCH_USER_PATHS = NO;
				CLANG_ANALYZER_NONNULL = YES;
				CLANG_ANALYZER_NUMBER_OBJECT_CONVERSION = YES_AGGRESSIVE;
				CLANG_CXX_LANGUAGE_STANDARD = "gnu++20";
				CLANG_ENABLE_MODULES = YES;
				CLANG_ENABLE_OBJC_ARC = YES;
				CLANG_ENABLE_OBJC_WEAK = YES;
				CLANG_WARN_BLOCK_CAPTURE_AUTORELEASING = YES;
				CLANG_WARN_BOOL_CONVERSION = YES;
				CLANG_WARN_COMMA = YES;
				CLANG_WARN_CONSTANT_CONVERSION = YES;
				CLANG_WARN_DEPRECATED_OBJC_IMPLEMENTATIONS = YES;
				CLANG_WARN_DIRECT_OBJC_ISA_USAGE = YES_ERROR;
				CLANG_WARN_DOCUMENTATION_COMMENTS = YES;
				CLANG_WARN_EMPTY_BODY = YES;
				CLANG_WARN_ENUM_CONVERSION = YES;
				CLANG_WARN_INFINITE_RECURSION = YES;
				CLANG_WARN_INT_CONVERSION = YES;
				CLANG_WARN_NON_LITERAL_NULL_CONVERSION = YES;
				CLANG_WARN_OBJC_IMPLICIT_RETAIN_SELF = YES;
				CLANG_WARN_OBJC_LITERAL_CONVERSION = YES;
				CLANG_WARN_OBJC_ROOT_CLASS = YES_ERROR;
				CLANG_WARN_QUOTED_INCLUDE_IN_FRAMEWORK_HEADER = YES;
				CLANG_WARN_RANGE_LOOP_ANALYSIS = YES;
				CLANG_WARN_STRICT_PROTOTYPES = YES;
				CLANG_WARN_SUSPICIOUS_MOVE = YES;
				CLANG_WARN_UNGUARDED_AVAILABILITY = YES_AGGRESSIVE;
				CLANG_WARN_UNREACHABLE_CODE = YES;
				CLANG_WARN__DUPLICATE_METHOD_MATCH = YES;
				COPY_PHASE_STRIP = NO;
				DEBUG_INFORMATION_FORMAT = "dwarf-with-dsym";
				ENABLE_NS_ASSERTIONS = NO;
				ENABLE_STRICT_OBJC_MSGSEND = YES;
				GCC_C_LANGUAGE_STANDARD = gnu11;
				GCC_NO_COMMON_BLOCKS = YES;
				GCC_WARN_64_TO_32_BIT_CONVERSION = YES;
				GCC_WARN_ABOUT_RETURN_TYPE = YES_ERROR;
				GCC_WARN_UNDECLARED_SELECTOR = YES;
				GCC_WARN_UNINITIALIZED_AUTOS = YES_AGGRESSIVE;
				GCC_WARN_UNUSED_FUNCTION = YES;
				GCC_WARN_UNUSED_VARIABLE = YES;
				IPHONEOS_DEPLOYMENT_TARGET = 16.2;
				MTL_ENABLE_DEBUG_INFO = NO;
				MTL_FAST_MATH = YES;
				SDKROOT = iphoneos;
				SWIFT_COMPILATION_MODE = wholemodule;
				SWIFT_OPTIMIZATION_LEVEL = "-O";
				VALIDATE_PRODUCT = YES;
			};
			name = Release;
		};
		986578FC29B5E92500BB1BDA /* Debug */ = {
			isa = XCBuildConfiguration;
			buildSettings = {
				ASSETCATALOG_COMPILER_APPICON_NAME = AppIcon;
				ASSETCATALOG_COMPILER_GLOBAL_ACCENT_COLOR_NAME = AccentColor;
				CODE_SIGN_STYLE = Automatic;
				CURRENT_PROJECT_VERSION = 1;
				DEVELOPMENT_ASSET_PATHS = "\"SwiftUI-Composable/Preview Content\"";
				ENABLE_PREVIEWS = YES;
				GENERATE_INFOPLIST_FILE = YES;
				INFOPLIST_KEY_UIApplicationSceneManifest_Generation = YES;
				INFOPLIST_KEY_UIApplicationSupportsIndirectInputEvents = YES;
				INFOPLIST_KEY_UILaunchScreen_Generation = YES;
				INFOPLIST_KEY_UISupportedInterfaceOrientations_iPad = "UIInterfaceOrientationPortrait UIInterfaceOrientationPortraitUpsideDown UIInterfaceOrientationLandscapeLeft UIInterfaceOrientationLandscapeRight";
				INFOPLIST_KEY_UISupportedInterfaceOrientations_iPhone = "UIInterfaceOrientationPortrait UIInterfaceOrientationLandscapeLeft UIInterfaceOrientationLandscapeRight";
				LD_RUNPATH_SEARCH_PATHS = (
					"$(inherited)",
					"@executable_path/Frameworks",
				);
				MARKETING_VERSION = 1.0;
				PRODUCT_BUNDLE_IDENTIFIER = "com.jinsujin.SwiftUI-Composable";
				PRODUCT_NAME = "$(TARGET_NAME)";
				SWIFT_EMIT_LOC_STRINGS = YES;
				SWIFT_VERSION = 5.0;
				TARGETED_DEVICE_FAMILY = "1,2";
			};
			name = Debug;
		};
		986578FD29B5E92500BB1BDA /* Release */ = {
			isa = XCBuildConfiguration;
			buildSettings = {
				ASSETCATALOG_COMPILER_APPICON_NAME = AppIcon;
				ASSETCATALOG_COMPILER_GLOBAL_ACCENT_COLOR_NAME = AccentColor;
				CODE_SIGN_STYLE = Automatic;
				CURRENT_PROJECT_VERSION = 1;
				DEVELOPMENT_ASSET_PATHS = "\"SwiftUI-Composable/Preview Content\"";
				ENABLE_PREVIEWS = YES;
				GENERATE_INFOPLIST_FILE = YES;
				INFOPLIST_KEY_UIApplicationSceneManifest_Generation = YES;
				INFOPLIST_KEY_UIApplicationSupportsIndirectInputEvents = YES;
				INFOPLIST_KEY_UILaunchScreen_Generation = YES;
				INFOPLIST_KEY_UISupportedInterfaceOrientations_iPad = "UIInterfaceOrientationPortrait UIInterfaceOrientationPortraitUpsideDown UIInterfaceOrientationLandscapeLeft UIInterfaceOrientationLandscapeRight";
				INFOPLIST_KEY_UISupportedInterfaceOrientations_iPhone = "UIInterfaceOrientationPortrait UIInterfaceOrientationLandscapeLeft UIInterfaceOrientationLandscapeRight";
				LD_RUNPATH_SEARCH_PATHS = (
					"$(inherited)",
					"@executable_path/Frameworks",
				);
				MARKETING_VERSION = 1.0;
				PRODUCT_BUNDLE_IDENTIFIER = "com.jinsujin.SwiftUI-Composable";
				PRODUCT_NAME = "$(TARGET_NAME)";
				SWIFT_EMIT_LOC_STRINGS = YES;
				SWIFT_VERSION = 5.0;
				TARGETED_DEVICE_FAMILY = "1,2";
			};
			name = Release;
		};
		986578FF29B5E92500BB1BDA /* Debug */ = {
			isa = XCBuildConfiguration;
			buildSettings = {
				ALWAYS_EMBED_SWIFT_STANDARD_LIBRARIES = YES;
				BUNDLE_LOADER = "$(TEST_HOST)";
				CODE_SIGN_STYLE = Automatic;
				CURRENT_PROJECT_VERSION = 1;
				GENERATE_INFOPLIST_FILE = YES;
				IPHONEOS_DEPLOYMENT_TARGET = 16.2;
				MARKETING_VERSION = 1.0;
				PRODUCT_BUNDLE_IDENTIFIER = "com.jinsujin.SwiftUI-ComposableTests";
				PRODUCT_NAME = "$(TARGET_NAME)";
				SWIFT_EMIT_LOC_STRINGS = NO;
				SWIFT_VERSION = 5.0;
				TARGETED_DEVICE_FAMILY = "1,2";
				TEST_HOST = "$(BUILT_PRODUCTS_DIR)/SwiftUI-Composable.app/$(BUNDLE_EXECUTABLE_FOLDER_PATH)/SwiftUI-Composable";
			};
			name = Debug;
		};
		9865790029B5E92500BB1BDA /* Release */ = {
			isa = XCBuildConfiguration;
			buildSettings = {
				ALWAYS_EMBED_SWIFT_STANDARD_LIBRARIES = YES;
				BUNDLE_LOADER = "$(TEST_HOST)";
				CODE_SIGN_STYLE = Automatic;
				CURRENT_PROJECT_VERSION = 1;
				GENERATE_INFOPLIST_FILE = YES;
				IPHONEOS_DEPLOYMENT_TARGET = 16.2;
				MARKETING_VERSION = 1.0;
				PRODUCT_BUNDLE_IDENTIFIER = "com.jinsujin.SwiftUI-ComposableTests";
				PRODUCT_NAME = "$(TARGET_NAME)";
				SWIFT_EMIT_LOC_STRINGS = NO;
				SWIFT_VERSION = 5.0;
				TARGETED_DEVICE_FAMILY = "1,2";
				TEST_HOST = "$(BUILT_PRODUCTS_DIR)/SwiftUI-Composable.app/$(BUNDLE_EXECUTABLE_FOLDER_PATH)/SwiftUI-Composable";
			};
			name = Release;
		};
		9865790229B5E92500BB1BDA /* Debug */ = {
			isa = XCBuildConfiguration;
			buildSettings = {
				ALWAYS_EMBED_SWIFT_STANDARD_LIBRARIES = YES;
				CODE_SIGN_STYLE = Automatic;
				CURRENT_PROJECT_VERSION = 1;
				GENERATE_INFOPLIST_FILE = YES;
				MARKETING_VERSION = 1.0;
				PRODUCT_BUNDLE_IDENTIFIER = "com.jinsujin.SwiftUI-ComposableUITests";
				PRODUCT_NAME = "$(TARGET_NAME)";
				SWIFT_EMIT_LOC_STRINGS = NO;
				SWIFT_VERSION = 5.0;
				TARGETED_DEVICE_FAMILY = "1,2";
				TEST_TARGET_NAME = "SwiftUI-Composable";
			};
			name = Debug;
		};
		9865790329B5E92500BB1BDA /* Release */ = {
			isa = XCBuildConfiguration;
			buildSettings = {
				ALWAYS_EMBED_SWIFT_STANDARD_LIBRARIES = YES;
				CODE_SIGN_STYLE = Automatic;
				CURRENT_PROJECT_VERSION = 1;
				GENERATE_INFOPLIST_FILE = YES;
				MARKETING_VERSION = 1.0;
				PRODUCT_BUNDLE_IDENTIFIER = "com.jinsujin.SwiftUI-ComposableUITests";
				PRODUCT_NAME = "$(TARGET_NAME)";
				SWIFT_EMIT_LOC_STRINGS = NO;
				SWIFT_VERSION = 5.0;
				TARGETED_DEVICE_FAMILY = "1,2";
				TEST_TARGET_NAME = "SwiftUI-Composable";
			};
			name = Release;
		};
/* End XCBuildConfiguration section */

/* Begin XCConfigurationList section */
		986578D229B5E92300BB1BDA /* Build configuration list for PBXProject "SwiftUI-Composable" */ = {
			isa = XCConfigurationList;
			buildConfigurations = (
				986578F929B5E92500BB1BDA /* Debug */,
				986578FA29B5E92500BB1BDA /* Release */,
			);
			defaultConfigurationIsVisible = 0;
			defaultConfigurationName = Release;
		};
		986578FB29B5E92500BB1BDA /* Build configuration list for PBXNativeTarget "SwiftUI-Composable" */ = {
			isa = XCConfigurationList;
			buildConfigurations = (
				986578FC29B5E92500BB1BDA /* Debug */,
				986578FD29B5E92500BB1BDA /* Release */,
			);
			defaultConfigurationIsVisible = 0;
			defaultConfigurationName = Release;
		};
		986578FE29B5E92500BB1BDA /* Build configuration list for PBXNativeTarget "SwiftUI-ComposableTests" */ = {
			isa = XCConfigurationList;
			buildConfigurations = (
				986578FF29B5E92500BB1BDA /* Debug */,
				9865790029B5E92500BB1BDA /* Release */,
			);
			defaultConfigurationIsVisible = 0;
			defaultConfigurationName = Release;
		};
		9865790129B5E92500BB1BDA /* Build configuration list for PBXNativeTarget "SwiftUI-ComposableUITests" */ = {
			isa = XCConfigurationList;
			buildConfigurations = (
				9865790229B5E92500BB1BDA /* Debug */,
				9865790329B5E92500BB1BDA /* Release */,
			);
			defaultConfigurationIsVisible = 0;
			defaultConfigurationName = Release;
		};
/* End XCConfigurationList section */

/* Begin XCRemoteSwiftPackageReference section */
		983E631929B9D07B00B00016 /* XCRemoteSwiftPackageReference "swift-composable-architecture" */ = {
			isa = XCRemoteSwiftPackageReference;
			repositoryURL = "https://github.com/pointfreeco/swift-composable-architecture";
			requirement = {
				branch = main;
				kind = branch;
			};
		};
		983E633329BB0B7A00B00016 /* XCRemoteSwiftPackageReference "swiftui-navigation" */ = {
			isa = XCRemoteSwiftPackageReference;
			repositoryURL = "https://github.com/pointfreeco/swiftui-navigation";
			requirement = {
				branch = main;
				kind = branch;
			};
		};
/* End XCRemoteSwiftPackageReference section */

/* Begin XCSwiftPackageProductDependency section */
		983E631729B9CEA400B00016 /* MyComposablePackage */ = {
			isa = XCSwiftPackageProductDependency;
			productName = MyComposablePackage;
		};
		983E631A29B9D07B00B00016 /* ComposableArchitecture */ = {
			isa = XCSwiftPackageProductDependency;
			package = 983E631929B9D07B00B00016 /* XCRemoteSwiftPackageReference "swift-composable-architecture" */;
			productName = ComposableArchitecture;
		};
		983E633429BB0B7A00B00016 /* SwiftUINavigation */ = {
			isa = XCSwiftPackageProductDependency;
			package = 983E633329BB0B7A00B00016 /* XCRemoteSwiftPackageReference "swiftui-navigation" */;
			productName = SwiftUINavigation;
		};
/* End XCSwiftPackageProductDependency section */
	};
	rootObject = 986578CF29B5E92300BB1BDA /* Project object */;
}
